
Microsoft Visual Studio Solution File, Format Version 12.00
# Visual Studio Version 17
VisualStudioVersion = 17.13.35825.156 d17.13
MinimumVisualStudioVersion = 10.0.40219.1
Project("{FAE04EC0-301F-11D3-BF4B-00C04F79EFBC}") = "ProjetoAgenda", "ProjetoAgenda\ProjetoAgenda.csproj", "{09FC9F5D-C23B-4DA6-85E8-2A659B7D5524}"
EndProject
Global
	GlobalSection(SolutionConfigurationPlatforms) = preSolution
		Debug|Any CPU = Debug|Any CPU
		Release|Any CPU = Release|Any CPU
	EndGlobalSection
	GlobalSection(ProjectConfigurationPlatforms) = postSolution
		{09FC9F5D-C23B-4DA6-85E8-2A659B7D5524}.Debug|Any CPU.ActiveCfg = Debug|Any CPU
		{09FC9F5D-C23B-4DA6-85E8-2A659B7D5524}.Debug|Any CPU.Build.0 = Debug|Any CPU
		{09FC9F5D-C23B-4DA6-85E8-2A659B7D5524}.Release|Any CPU.ActiveCfg = Release|Any CPU
		{09FC9F5D-C23B-4DA6-85E8-2A659B7D5524}.Release|Any CPU.Build.0 = Release|Any CPU
	EndGlobalSection
	GlobalSection(SolutionProperties) = preSolution
		HideSolutionNode = FALSE
	EndGlobalSection
	GlobalSection(ExtensibilityGlobals) = postSolution
		SolutionGuid = {E6AE357A-660F-4DD8-B7C7-5B679DC557CB}
	EndGlobalSection
EndGlobal
